
Microsoft Visual Studio Solution File, Format Version 12.00
# Visual Studio 14
VisualStudioVersion = 14.0.25420.1
MinimumVisualStudioVersion = 10.0.40219.1
Project("{FAE04EC0-301F-11D3-BF4B-00C04F79EFBC}") = "BFS_UI", "BFS_UI\BFS_UI.csproj", "{14EA3AD0-1E97-41DF-A1F5-4AEC91E17908}"
EndProject
Project("{FAE04EC0-301F-11D3-BF4B-00C04F79EFBC}") = "BFS_BLL", "BFS_BLL\BFS_BLL.csproj", "{6F5EA11E-4D55-40F5-835E-2A5BA3BD219F}"
EndProject
Project("{FAE04EC0-301F-11D3-BF4B-00C04F79EFBC}") = "BFS_DAL", "BFS_DAL\BFS_DAL.csproj", "{DF6EA3D3-B263-475F-9660-84038A93F5A8}"
EndProject
Project("{FAE04EC0-301F-11D3-BF4B-00C04F79EFBC}") = "BFS_Model", "BFS_Model\BFS_Model.csproj", "{D4A99B03-2067-4D65-A23C-5638EB19177C}"
EndProject
Global
	GlobalSection(SolutionConfigurationPlatforms) = preSolution
		Debug|Any CPU = Debug|Any CPU
		Release|Any CPU = Release|Any CPU
	EndGlobalSection
	GlobalSection(ProjectConfigurationPlatforms) = postSolution
		{14EA3AD0-1E97-41DF-A1F5-4AEC91E17908}.Debug|Any CPU.ActiveCfg = Debug|Any CPU
		{14EA3AD0-1E97-41DF-A1F5-4AEC91E17908}.Debug|Any CPU.Build.0 = Debug|Any CPU
		{14EA3AD0-1E97-41DF-A1F5-4AEC91E17908}.Release|Any CPU.ActiveCfg = Release|Any CPU
		{14EA3AD0-1E97-41DF-A1F5-4AEC91E17908}.Release|Any CPU.Build.0 = Release|Any CPU
		{6F5EA11E-4D55-40F5-835E-2A5BA3BD219F}.Debug|Any CPU.ActiveCfg = Debug|Any CPU
		{6F5EA11E-4D55-40F5-835E-2A5BA3BD219F}.Debug|Any CPU.Build.0 = Debug|Any CPU
		{6F5EA11E-4D55-40F5-835E-2A5BA3BD219F}.Release|Any CPU.ActiveCfg = Release|Any CPU
		{6F5EA11E-4D55-40F5-835E-2A5BA3BD219F}.Release|Any CPU.Build.0 = Release|Any CPU
		{DF6EA3D3-B263-475F-9660-84038A93F5A8}.Debug|Any CPU.ActiveCfg = Debug|Any CPU
		{DF6EA3D3-B263-475F-9660-84038A93F5A8}.Debug|Any CPU.Build.0 = Debug|Any CPU
		{DF6EA3D3-B263-475F-9660-84038A93F5A8}.Release|Any CPU.ActiveCfg = Release|Any CPU
		{DF6EA3D3-B263-475F-9660-84038A93F5A8}.Release|Any CPU.Build.0 = Release|Any CPU
		{D4A99B03-2067-4D65-A23C-5638EB19177C}.Debug|Any CPU.ActiveCfg = Debug|Any CPU
		{D4A99B03-2067-4D65-A23C-5638EB19177C}.Debug|Any CPU.Build.0 = Debug|Any CPU
		{D4A99B03-2067-4D65-A23C-5638EB19177C}.Release|Any CPU.ActiveCfg = Release|Any CPU
		{D4A99B03-2067-4D65-A23C-5638EB19177C}.Release|Any CPU.Build.0 = Release|Any CPU
	EndGlobalSection
	GlobalSection(SolutionProperties) = preSolution
		HideSolutionNode = FALSE
	EndGlobalSection
EndGlobal
